// !$*UTF8*$!
{
	archiveVersion = 1;
	classes = {
	};
	objectVersion = 50;
	objects = {

/* Begin PBXBuildFile section */
		A46E99002139CF33004FAD13 /* AppDelegate.swift in Sources */ = {isa = PBXBuildFile; fileRef = A46E98FF2139CF33004FAD13 /* AppDelegate.swift */; };
		A46E99022139CF33004FAD13 /* ViewController.swift in Sources */ = {isa = PBXBuildFile; fileRef = A46E99012139CF33004FAD13 /* ViewController.swift */; };
		A46E99052139CF33004FAD13 /* Main.storyboard in Resources */ = {isa = PBXBuildFile; fileRef = A46E99032139CF33004FAD13 /* Main.storyboard */; };
		A46E99072139CF35004FAD13 /* Assets.xcassets in Resources */ = {isa = PBXBuildFile; fileRef = A46E99062139CF35004FAD13 /* Assets.xcassets */; };
		A46E990A2139CF35004FAD13 /* LaunchScreen.storyboard in Resources */ = {isa = PBXBuildFile; fileRef = A46E99082139CF35004FAD13 /* LaunchScreen.storyboard */; };
		A46E99152139CF35004FAD13 /* tipCalTests.swift in Sources */ = {isa = PBXBuildFile; fileRef = A46E99142139CF35004FAD13 /* tipCalTests.swift */; };
		A46E99202139CF35004FAD13 /* tipCalUITests.swift in Sources */ = {isa = PBXBuildFile; fileRef = A46E991F2139CF35004FAD13 /* tipCalUITests.swift */; };
/* End PBXBuildFile section */

/* Begin PBXContainerItemProxy section */
		A46E99112139CF35004FAD13 /* PBXContainerItemProxy */ = {
			isa = PBXContainerItemProxy;
			containerPortal = A46E98F42139CF33004FAD13 /* Project object */;
			proxyType = 1;
			remoteGlobalIDString = A46E98FB2139CF33004FAD13;
			remoteInfo = tipCal;
		};
		A46E991C2139CF35004FAD13 /* PBXContainerItemProxy */ = {
			isa = PBXContainerItemProxy;
			containerPortal = A46E98F42139CF33004FAD13 /* Project object */;
			proxyType = 1;
			remoteGlobalIDString = A46E98FB2139CF33004FAD13;
			remoteInfo = tipCal;
		};
/* End PBXContainerItemProxy section */

/* Begin PBXFileReference section */
		A46E98FC2139CF33004FAD13 /* tipCal.app */ = {isa = PBXFileReference; explicitFileType = wrapper.application; includeInIndex = 0; path = tipCal.app; sourceTree = BUILT_PRODUCTS_DIR; };
		A46E98FF2139CF33004FAD13 /* AppDelegate.swift */ = {isa = PBXFileReference; lastKnownFileType = sourcecode.swift; path = AppDelegate.swift; sourceTree = "<group>"; };
		A46E99012139CF33004FAD13 /* ViewController.swift */ = {isa = PBXFileReference; lastKnownFileType = sourcecode.swift; path = ViewController.swift; sourceTree = "<group>"; };
		A46E99042139CF33004FAD13 /* Base */ = {isa = PBXFileReference; lastKnownFileType = file.storyboard; name = Base; path = Base.lproj/Main.storyboard; sourceTree = "<group>"; };
		A46E99062139CF35004FAD13 /* Assets.xcassets */ = {isa = PBXFileReference; lastKnownFileType = folder.assetcatalog; path = Assets.xcassets; sourceTree = "<group>"; };
		A46E99092139CF35004FAD13 /* Base */ = {isa = PBXFileReference; lastKnownFileType = file.storyboard; name = Base; path = Base.lproj/LaunchScreen.storyboard; sourceTree = "<group>"; };
		A46E990B2139CF35004FAD13 /* Info.plist */ = {isa = PBXFileReference; lastKnownFileType = text.plist.xml; path = Info.plist; sourceTree = "<group>"; };
		A46E99102139CF35004FAD13 /* tipCalTests.xctest */ = {isa = PBXFileReference; explicitFileType = wrapper.cfbundle; includeInIndex = 0; path = tipCalTests.xctest; sourceTree = BUILT_PRODUCTS_DIR; };
		A46E99142139CF35004FAD13 /* tipCalTests.swift */ = {isa = PBXFileReference; lastKnownFileType = sourcecode.swift; path = tipCalTests.swift; sourceTree = "<group>"; };
		A46E99162139CF35004FAD13 /* Info.plist */ = {isa = PBXFileReference; lastKnownFileType = text.plist.xml; path = Info.plist; sourceTree = "<group>"; };
		A46E991B2139CF35004FAD13 /* tipCalUITests.xctest */ = {isa = PBXFileReference; explicitFileType = wrapper.cfbundle; includeInIndex = 0; path = tipCalUITests.xctest; sourceTree = BUILT_PRODUCTS_DIR; };
		A46E991F2139CF35004FAD13 /* tipCalUITests.swift */ = {isa = PBXFileReference; lastKnownFileType = sourcecode.swift; path = tipCalUITests.swift; sourceTree = "<group>"; };
		A46E99212139CF35004FAD13 /* Info.plist */ = {isa = PBXFileReference; lastKnownFileType = text.plist.xml; path = Info.plist; sourceTree = "<group>"; };
/* End PBXFileReference section */

/* Begin PBXFrameworksBuildPhase section */
		A46E98F92139CF33004FAD13 /* Frameworks */ = {
			isa = PBXFrameworksBuildPhase;
			buildActionMask = 2147483647;
			files = (
			);
			runOnlyForDeploymentPostprocessing = 0;
		};
		A46E990D2139CF35004FAD13 /* Frameworks */ = {
			isa = PBXFrameworksBuildPhase;
			buildActionMask = 2147483647;
			files = (
			);
			runOnlyForDeploymentPostprocessing = 0;
		};
		A46E99182139CF35004FAD13 /* Frameworks */ = {
			isa = PBXFrameworksBuildPhase;
			buildActionMask = 2147483647;
			files = (
			);
			runOnlyForDeploymentPostprocessing = 0;
		};
/* End PBXFrameworksBuildPhase section */

/* Begin PBXGroup section */
		A46E98F32139CF33004FAD13 = {
			isa = PBXGroup;
			children = (
				A46E98FE2139CF33004FAD13 /* tipCal */,
				A46E99132139CF35004FAD13 /* tipCalTests */,
				A46E991E2139CF35004FAD13 /* tipCalUITests */,
				A46E98FD2139CF33004FAD13 /* Products */,
			);
			sourceTree = "<group>";
		};
		A46E98FD2139CF33004FAD13 /* Products */ = {
			isa = PBXGroup;
			children = (
				A46E98FC2139CF33004FAD13 /* tipCal.app */,
				A46E99102139CF35004FAD13 /* tipCalTests.xctest */,
				A46E991B2139CF35004FAD13 /* tipCalUITests.xctest */,
			);
			name = Products;
			sourceTree = "<group>";
		};
		A46E98FE2139CF33004FAD13 /* tipCal */ = {
			isa = PBXGroup;
			children = (
				A46E98FF2139CF33004FAD13 /* AppDelegate.swift */,
				A46E99012139CF33004FAD13 /* ViewController.swift */,
				A46E99032139CF33004FAD13 /* Main.storyboard */,
				A46E99062139CF35004FAD13 /* Assets.xcassets */,
				A46E99082139CF35004FAD13 /* LaunchScreen.storyboard */,
				A46E990B2139CF35004FAD13 /* Info.plist */,
			);
			path = tipCal;
			sourceTree = "<group>";
		};
		A46E99132139CF35004FAD13 /* tipCalTests */ = {
			isa = PBXGroup;
			children = (
				A46E99142139CF35004FAD13 /* tipCalTests.swift */,
				A46E99162139CF35004FAD13 /* Info.plist */,
			);
			path = tipCalTests;
			sourceTree = "<group>";
		};
		A46E991E2139CF35004FAD13 /* tipCalUITests */ = {
			isa = PBXGroup;
			children = (
				A46E991F2139CF35004FAD13 /* tipCalUITests.swift */,
				A46E99212139CF35004FAD13 /* Info.plist */,
			);
			path = tipCalUITests;
			sourceTree = "<group>";
		};
/* End PBXGroup section */

/* Begin PBXNativeTarget section */
		A46E98FB2139CF33004FAD13 /* tipCal */ = {
			isa = PBXNativeTarget;
			buildConfigurationList = A46E99242139CF35004FAD13 /* Build configuration list for PBXNativeTarget "tipCal" */;
			buildPhases = (
				A46E98F82139CF33004FAD13 /* Sources */,
				A46E98F92139CF33004FAD13 /* Frameworks */,
				A46E98FA2139CF33004FAD13 /* Resources */,
			);
			buildRules = (
			);
			dependencies = (
			);
			name = tipCal;
			productName = tipCal;
			productReference = A46E98FC2139CF33004FAD13 /* tipCal.app */;
			productType = "com.apple.product-type.application";
		};
		A46E990F2139CF35004FAD13 /* tipCalTests */ = {
			isa = PBXNativeTarget;
			buildConfigurationList = A46E99272139CF35004FAD13 /* Build configuration list for PBXNativeTarget "tipCalTests" */;
			buildPhases = (
				A46E990C2139CF35004FAD13 /* Sources */,
				A46E990D2139CF35004FAD13 /* Frameworks */,
				A46E990E2139CF35004FAD13 /* Resources */,
			);
			buildRules = (
			);
			dependencies = (
				A46E99122139CF35004FAD13 /* PBXTargetDependency */,
			);
			name = tipCalTests;
			productName = tipCalTests;
			productReference = A46E99102139CF35004FAD13 /* tipCalTests.xctest */;
			productType = "com.apple.product-type.bundle.unit-test";
		};
		A46E991A2139CF35004FAD13 /* tipCalUITests */ = {
			isa = PBXNativeTarget;
			buildConfigurationList = A46E992A2139CF35004FAD13 /* Build configuration list for PBXNativeTarget "tipCalUITests" */;
			buildPhases = (
				A46E99172139CF35004FAD13 /* Sources */,
				A46E99182139CF35004FAD13 /* Frameworks */,
				A46E99192139CF35004FAD13 /* Resources */,
			);
			buildRules = (
			);
			dependencies = (
				A46E991D2139CF35004FAD13 /* PBXTargetDependency */,
			);
			name = tipCalUITests;
			productName = tipCalUITests;
			productReference = A46E991B2139CF35004FAD13 /* tipCalUITests.xctest */;
			productType = "com.apple.product-type.bundle.ui-testing";
		};
/* End PBXNativeTarget section */

/* Begin PBXProject section */
		A46E98F42139CF33004FAD13 /* Project object */ = {
			isa = PBXProject;
			attributes = {
				LastSwiftUpdateCheck = 0940;
				LastUpgradeCheck = 0940;
				ORGANIZATIONNAME = "Bill Feng";
				TargetAttributes = {
					A46E98FB2139CF33004FAD13 = {
						CreatedOnToolsVersion = 9.4.1;
					};
					A46E990F2139CF35004FAD13 = {
						CreatedOnToolsVersion = 9.4.1;
						TestTargetID = A46E98FB2139CF33004FAD13;
					};
					A46E991A2139CF35004FAD13 = {
						CreatedOnToolsVersion = 9.4.1;
						TestTargetID = A46E98FB2139CF33004FAD13;
					};
				};
			};
			buildConfigurationList = A46E98F72139CF33004FAD13 /* Build configuration list for PBXProject "tipCal" */;
			compatibilityVersion = "Xcode 9.3";
			developmentRegion = en;
			hasScannedForEncodings = 0;
			knownRegions = (
				en,
				Base,
			);
			mainGroup = A46E98F32139CF33004FAD13;
			productRefGroup = A46E98FD2139CF33004FAD13 /* Products */;
			projectDirPath = "";
			projectRoot = "";
			targets = (
				A46E98FB2139CF33004FAD13 /* tipCal */,
				A46E990F2139CF35004FAD13 /* tipCalTests */,
				A46E991A2139CF35004FAD13 /* tipCalUITests */,
			);
		};
/* End PBXProject section */

/* Begin PBXResourcesBuildPhase section */
		A46E98FA2139CF33004FAD13 /* Resources */ = {
			isa = PBXResourcesBuildPhase;
			buildActionMask = 2147483647;
			files = (
				A46E990A2139CF35004FAD13 /* LaunchScreen.storyboard in Resources */,
				A46E99072139CF35004FAD13 /* Assets.xcassets in Resources */,
				A46E99052139CF33004FAD13 /* Main.storyboard in Resources */,
			);
			runOnlyForDeploymentPostprocessing = 0;
		};
		A46E990E2139CF35004FAD13 /* Resources */ = {
			isa = PBXResourcesBuildPhase;
			buildActionMask = 2147483647;
			files = (
			);
			runOnlyForDeploymentPostprocessing = 0;
		};
		A46E99192139CF35004FAD13 /* Resources */ = {
			isa = PBXResourcesBuildPhase;
			buildActionMask = 2147483647;
			files = (
			);
			runOnlyForDeploymentPostprocessing = 0;
		};
/* End PBXResourcesBuildPhase section */

/* Begin PBXSourcesBuildPhase section */
		A46E98F82139CF33004FAD13 /* Sources */ = {
			isa = PBXSourcesBuildPhase;
			buildActionMask = 2147483647;
			files = (
				A46E99022139CF33004FAD13 /* ViewController.swift in Sources */,
				A46E99002139CF33004FAD13 /* AppDelegate.swift in Sources */,
			);
			runOnlyForDeploymentPostprocessing = 0;
		};
		A46E990C2139CF35004FAD13 /* Sources */ = {
			isa = PBXSourcesBuildPhase;
			buildActionMask = 2147483647;
			files = (
				A46E99152139CF35004FAD13 /* tipCalTests.swift in Sources */,
			);
			runOnlyForDeploymentPostprocessing = 0;
		};
		A46E99172139CF35004FAD13 /* Sources */ = {
			isa = PBXSourcesBuildPhase;
			buildActionMask = 2147483647;
			files = (
				A46E99202139CF35004FAD13 /* tipCalUITests.swift in Sources */,
			);
			runOnlyForDeploymentPostprocessing = 0;
		};
/* End PBXSourcesBuildPhase section */

/* Begin PBXTargetDependency section */
		A46E99122139CF35004FAD13 /* PBXTargetDependency */ = {
			isa = PBXTargetDependency;
			target = A46E98FB2139CF33004FAD13 /* tipCal */;
			targetProxy = A46E99112139CF35004FAD13 /* PBXContainerItemProxy */;
		};
		A46E991D2139CF35004FAD13 /* PBXTargetDependency */ = {
			isa = PBXTargetDependency;
			target = A46E98FB2139CF33004FAD13 /* tipCal */;
			targetProxy = A46E991C2139CF35004FAD13 /* PBXContainerItemProxy */;
		};
/* End PBXTargetDependency section */

/* Begin PBXVariantGroup section */
		A46E99032139CF33004FAD13 /* Main.storyboard */ = {
			isa = PBXVariantGroup;
			children = (
				A46E99042139CF33004FAD13 /* Base */,
			);
			name = Main.storyboard;
			sourceTree = "<group>";
		};
		A46E99082139CF35004FAD13 /* LaunchScreen.storyboard */ = {
			isa = PBXVariantGroup;
			children = (
				A46E99092139CF35004FAD13 /* Base */,
			);
			name = LaunchScreen.storyboard;
			sourceTree = "<group>";
		};
/* End PBXVariantGroup section */

/* Begin XCBuildConfiguration section */
		A46E99222139CF35004FAD13 /* Debug */ = {
			isa = XCBuildConfiguration;
			buildSettings = {
				ALWAYS_SEARCH_USER_PATHS = NO;
				CLANG_ANALYZER_NONNULL = YES;
				CLANG_ANALYZER_NUMBER_OBJECT_CONVERSION = YES_AGGRESSIVE;
				CLANG_CXX_LANGUAGE_STANDARD = "gnu++14";
				CLANG_CXX_LIBRARY = "libc++";
				CLANG_ENABLE_MODULES = YES;
				CLANG_ENABLE_OBJC_ARC = YES;
				CLANG_ENABLE_OBJC_WEAK = YES;
				CLANG_WARN_BLOCK_CAPTURE_AUTORELEASING = YES;
				CLANG_WARN_BOOL_CONVERSION = YES;
				CLANG_WARN_COMMA = YES;
				CLANG_WARN_CONSTANT_CONVERSION = YES;
				CLANG_WARN_DEPRECATED_OBJC_IMPLEMENTATIONS = YES;
				CLANG_WARN_DIRECT_OBJC_ISA_USAGE = YES_ERROR;
				CLANG_WARN_DOCUMENTATION_COMMENTS = YES;
				CLANG_WARN_EMPTY_BODY = YES;
				CLANG_WARN_ENUM_CONVERSION = YES;
				CLANG_WARN_INFINITE_RECURSION = YES;
				CLANG_WARN_INT_CONVERSION = YES;
				CLANG_WARN_NON_LITERAL_NULL_CONVERSION = YES;
				CLANG_WARN_OBJC_IMPLICIT_RETAIN_SELF = YES;
				CLANG_WARN_OBJC_LITERAL_CONVERSION = YES;
				CLANG_WARN_OBJC_ROOT_CLASS = YES_ERROR;
				CLANG_WARN_RANGE_LOOP_ANALYSIS = YES;
				CLANG_WARN_STRICT_PROTOTYPES = YES;
				CLANG_WARN_SUSPICIOUS_MOVE = YES;
				CLANG_WARN_UNGUARDED_AVAILABILITY = YES_AGGRESSIVE;
				CLANG_WARN_UNREACHABLE_CODE = YES;
				CLANG_WARN__DUPLICATE_METHOD_MATCH = YES;
				CODE_SIGN_IDENTITY = "iPhone Developer";
				COPY_PHASE_STRIP = NO;
				DEBUG_INFORMATION_FORMAT = dwarf;
				ENABLE_STRICT_OBJC_MSGSEND = YES;
				ENABLE_TESTABILITY = YES;
				GCC_C_LANGUAGE_STANDARD = gnu11;
				GCC_DYNAMIC_NO_PIC = NO;
				GCC_NO_COMMON_BLOCKS = YES;
				GCC_OPTIMIZATION_LEVEL = 0;
				GCC_PREPROCESSOR_DEFINITIONS = (
					"DEBUG=1",
					"$(inherited)",
				);
				GCC_WARN_64_TO_32_BIT_CONVERSION = YES;
				GCC_WARN_ABOUT_RETURN_TYPE = YES_ERROR;
				GCC_WARN_UNDECLARED_SELECTOR = YES;
				GCC_WARN_UNINITIALIZED_AUTOS = YES_AGGRESSIVE;
				GCC_WARN_UNUSED_FUNCTION = YES;
				GCC_WARN_UNUSED_VARIABLE = YES;
				IPHONEOS_DEPLOYMENT_TARGET = 11.4;
				MTL_ENABLE_DEBUG_INFO = YES;
				ONLY_ACTIVE_ARCH = YES;
				SDKROOT = iphoneos;
				SWIFT_ACTIVE_COMPILATION_CONDITIONS = DEBUG;
				SWIFT_OPTIMIZATION_LEVEL = "-Onone";
			};
			name = Debug;
		};
		A46E99232139CF35004FAD13 /* Release */ = {
			isa = XCBuildConfiguration;
			buildSettings = {
				ALWAYS_SEARCH_USER_PATHS = NO;
				CLANG_ANALYZER_NONNULL = YES;
				CLANG_ANALYZER_NUMBER_OBJECT_CONVERSION = YES_AGGRESSIVE;
				CLANG_CXX_LANGUAGE_STANDARD = "gnu++14";
				CLANG_CXX_LIBRARY = "libc++";
				CLANG_ENABLE_MODULES = YES;
				CLANG_ENABLE_OBJC_ARC = YES;
				CLANG_ENABLE_OBJC_WEAK = YES;
				CLANG_WARN_BLOCK_CAPTURE_AUTORELEASING = YES;
				CLANG_WARN_BOOL_CONVERSION = YES;
				CLANG_WARN_COMMA = YES;
				CLANG_WARN_CONSTANT_CONVERSION = YES;
				CLANG_WARN_DEPRECATED_OBJC_IMPLEMENTATIONS = YES;
				CLANG_WARN_DIRECT_OBJC_ISA_USAGE = YES_ERROR;
				CLANG_WARN_DOCUMENTATION_COMMENTS = YES;
				CLANG_WARN_EMPTY_BODY = YES;
				CLANG_WARN_ENUM_CONVERSION = YES;
				CLANG_WARN_INFINITE_RECURSION = YES;
				CLANG_WARN_INT_CONVERSION = YES;
				CLANG_WARN_NON_LITERAL_NULL_CONVERSION = YES;
				CLANG_WARN_OBJC_IMPLICIT_RETAIN_SELF = YES;
				CLANG_WARN_OBJC_LITERAL_CONVERSION = YES;
				CLANG_WARN_OBJC_ROOT_CLASS = YES_ERROR;
				CLANG_WARN_RANGE_LOOP_ANALYSIS = YES;
				CLANG_WARN_STRICT_PROTOTYPES = YES;
				CLANG_WARN_SUSPICIOUS_MOVE = YES;
				CLANG_WARN_UNGUARDED_AVAILABILITY = YES_AGGRESSIVE;
				CLANG_WARN_UNREACHABLE_CODE = YES;
				CLANG_WARN__DUPLICATE_METHOD_MATCH = YES;
				CODE_SIGN_IDENTITY = "iPhone Developer";
				COPY_PHASE_STRIP = NO;
				DEBUG_INFORMATION_FORMAT = "dwarf-with-dsym";
				ENABLE_NS_ASSERTIONS = NO;
				ENABLE_STRICT_OBJC_MSGSEND = YES;
				GCC_C_LANGUAGE_STANDARD = gnu11;
				GCC_NO_COMMON_BLOCKS = YES;
				GCC_WARN_64_TO_32_BIT_CONVERSION = YES;
				GCC_WARN_ABOUT_RETURN_TYPE = YES_ERROR;
				GCC_WARN_UNDECLARED_SELECTOR = YES;
				GCC_WARN_UNINITIALIZED_AUTOS = YES_AGGRESSIVE;
				GCC_WARN_UNUSED_FUNCTION = YES;
				GCC_WARN_UNUSED_VARIABLE = YES;
				IPHONEOS_DEPLOYMENT_TARGET = 11.4;
				MTL_ENABLE_DEBUG_INFO = NO;
				SDKROOT = iphoneos;
				SWIFT_COMPILATION_MODE = wholemodule;
				SWIFT_OPTIMIZATION_LEVEL = "-O";
				VALIDATE_PRODUCT = YES;
			};
			name = Release;
		};
		A46E99252139CF35004FAD13 /* Debug */ = {
			isa = XCBuildConfiguration;
			buildSettings = {
				ASSETCATALOG_COMPILER_APPICON_NAME = AppIcon;
				CODE_SIGN_STYLE = Automatic;
				DEVELOPMENT_TEAM = LL77LC986P;
				INFOPLIST_FILE = tipCal/Info.plist;
				LD_RUNPATH_SEARCH_PATHS = (
					"$(inherited)",
					"@executable_path/Frameworks",
				);
				PRODUCT_BUNDLE_IDENTIFIER = billi.tipCal;
				PRODUCT_NAME = "$(TARGET_NAME)";
				SWIFT_VERSION = 4.0;
				TARGETED_DEVICE_FAMILY = "1,2";
			};
			name = Debug;
		};
		A46E99262139CF35004FAD13 /* Release */ = {
			isa = XCBuildConfiguration;
			buildSettings = {
				ASSETCATALOG_COMPILER_APPICON_NAME = AppIcon;
				CODE_SIGN_STYLE = Automatic;
				DEVELOPMENT_TEAM = LL77LC986P;
				INFOPLIST_FILE = tipCal/Info.plist;
				LD_RUNPATH_SEARCH_PATHS = (
					"$(inherited)",
					"@executable_path/Frameworks",
				);
				PRODUCT_BUNDLE_IDENTIFIER = billi.tipCal;
				PRODUCT_NAME = "$(TARGET_NAME)";
				SWIFT_VERSION = 4.0;
				TARGETED_DEVICE_FAMILY = "1,2";
			};
			name = Release;
		};
		A46E99282139CF35004FAD13 /* Debug */ = {
			isa = XCBuildConfiguration;
			buildSettings = {
				ALWAYS_EMBED_SWIFT_STANDARD_LIBRARIES = YES;
				BUNDLE_LOADER = "$(TEST_HOST)";
				CODE_SIGN_STYLE = Automatic;
				DEVELOPMENT_TEAM = LL77LC986P;
				INFOPLIST_FILE = tipCalTests/Info.plist;
				LD_RUNPATH_SEARCH_PATHS = (
					"$(inherited)",
					"@executable_path/Frameworks",
					"@loader_path/Frameworks",
				);
				PRODUCT_BUNDLE_IDENTIFIER = billi.tipCalTests;
				PRODUCT_NAME = "$(TARGET_NAME)";
				SWIFT_VERSION = 4.0;
				TARGETED_DEVICE_FAMILY = "1,2";
				TEST_HOST = "$(BUILT_PRODUCTS_DIR)/tipCal.app/tipCal";
			};
			name = Debug;
		};
		A46E99292139CF35004FAD13 /* Release */ = {
			isa = XCBuildConfiguration;
			buildSettings = {
				ALWAYS_EMBED_SWIFT_STANDARD_LIBRARIES = YES;
				BUNDLE_LOADER = "$(TEST_HOST)";
				CODE_SIGN_STYLE = Automatic;
				DEVELOPMENT_TEAM = LL77LC986P;
				INFOPLIST_FILE = tipCalTests/Info.plist;
				LD_RUNPATH_SEARCH_PATHS = (
					"$(inherited)",
					"@executable_path/Frameworks",
					"@loader_path/Frameworks",
				);
				PRODUCT_BUNDLE_IDENTIFIER = billi.tipCalTests;
				PRODUCT_NAME = "$(TARGET_NAME)";
				SWIFT_VERSION = 4.0;
				TARGETED_DEVICE_FAMILY = "1,2";
				TEST_HOST = "$(BUILT_PRODUCTS_DIR)/tipCal.app/tipCal";
			};
			name = Release;
		};
		A46E992B2139CF35004FAD13 /* Debug */ = {
			isa = XCBuildConfiguration;
			buildSettings = {
				ALWAYS_EMBED_SWIFT_STANDARD_LIBRARIES = YES;
				CODE_SIGN_STYLE = Automatic;
				DEVELOPMENT_TEAM = LL77LC986P;
				INFOPLIST_FILE = tipCalUITests/Info.plist;
				LD_RUNPATH_SEARCH_PATHS = (
					"$(inherited)",
					"@executable_path/Frameworks",
					"@loader_path/Frameworks",
				);
				PRODUCT_BUNDLE_IDENTIFIER = billi.tipCalUITests;
				PRODUCT_NAME = "$(TARGET_NAME)";
				SWIFT_VERSION = 4.0;
				TARGETED_DEVICE_FAMILY = "1,2";
				TEST_TARGET_NAME = tipCal;
			};
			name = Debug;
		};
		A46E992C2139CF35004FAD13 /* Release */ = {
			isa = XCBuildConfiguration;
			buildSettings = {
				ALWAYS_EMBED_SWIFT_STANDARD_LIBRARIES = YES;
				CODE_SIGN_STYLE = Automatic;
				DEVELOPMENT_TEAM = LL77LC986P;
				INFOPLIST_FILE = tipCalUITests/Info.plist;
				LD_RUNPATH_SEARCH_PATHS = (
					"$(inherited)",
					"@executable_path/Frameworks",
					"@loader_path/Frameworks",
				);
				PRODUCT_BUNDLE_IDENTIFIER = billi.tipCalUITests;
				PRODUCT_NAME = "$(TARGET_NAME)";
				SWIFT_VERSION = 4.0;
				TARGETED_DEVICE_FAMILY = "1,2";
				TEST_TARGET_NAME = tipCal;
			};
			name = Release;
		};
/* End XCBuildConfiguration section */

/* Begin XCConfigurationList section */
		A46E98F72139CF33004FAD13 /* Build configuration list for PBXProject "tipCal" */ = {
			isa = XCConfigurationList;
			buildConfigurations = (
				A46E99222139CF35004FAD13 /* Debug */,
				A46E99232139CF35004FAD13 /* Release */,
			);
			defaultConfigurationIsVisible = 0;
			defaultConfigurationName = Release;
		};
		A46E99242139CF35004FAD13 /* Build configuration list for PBXNativeTarget "tipCal" */ = {
			isa = XCConfigurationList;
			buildConfigurations = (
				A46E99252139CF35004FAD13 /* Debug */,
				A46E99262139CF35004FAD13 /* Release */,
			);
			defaultConfigurationIsVisible = 0;
			defaultConfigurationName = Release;
		};
		A46E99272139CF35004FAD13 /* Build configuration list for PBXNativeTarget "tipCalTests" */ = {
			isa = XCConfigurationList;
			buildConfigurations = (
				A46E99282139CF35004FAD13 /* Debug */,
				A46E99292139CF35004FAD13 /* Release */,
			);
			defaultConfigurationIsVisible = 0;
			defaultConfigurationName = Release;
		};
		A46E992A2139CF35004FAD13 /* Build configuration list for PBXNativeTarget "tipCalUITests" */ = {
			isa = XCConfigurationList;
			buildConfigurations = (
				A46E992B2139CF35004FAD13 /* Debug */,
				A46E992C2139CF35004FAD13 /* Release */,
			);
			defaultConfigurationIsVisible = 0;
			defaultConfigurationName = Release;
		};
/* End XCConfigurationList section */
	};
	rootObject = A46E98F42139CF33004FAD13 /* Project object */;
}
